// !$*UTF8*$!
{
	archiveVersion = 1;
	classes = {
	};
	objectVersion = 56;
	objects = {

/* Begin PBXBuildFile section */
		161835C0288E062051793765 /* Pods_FirstWorkJob.framework in Frameworks */ = {isa = PBXBuildFile; fileRef = 06867D9FD00916BE8C738B97 /* Pods_FirstWorkJob.framework */; };
		9376D5612BDDD89A00C5D695 /* NumberCell.swift in Sources */ = {isa = PBXBuildFile; fileRef = 9376D5602BDDD89A00C5D695 /* NumberCell.swift */; };
		93AABBA92BDD30C700B148D7 /* AppDelegate.swift in Sources */ = {isa = PBXBuildFile; fileRef = 93AABBA82BDD30C700B148D7 /* AppDelegate.swift */; };
		93AABBAB2BDD30C700B148D7 /* SceneDelegate.swift in Sources */ = {isa = PBXBuildFile; fileRef = 93AABBAA2BDD30C700B148D7 /* SceneDelegate.swift */; };
		93AABBAD2BDD30C700B148D7 /* ViewController.swift in Sources */ = {isa = PBXBuildFile; fileRef = 93AABBAC2BDD30C700B148D7 /* ViewController.swift */; };
		93AABBB02BDD30C700B148D7 /* Main.storyboard in Resources */ = {isa = PBXBuildFile; fileRef = 93AABBAE2BDD30C700B148D7 /* Main.storyboard */; };
		93AABBB22BDD30C800B148D7 /* Assets.xcassets in Resources */ = {isa = PBXBuildFile; fileRef = 93AABBB12BDD30C800B148D7 /* Assets.xcassets */; };
		93AABBB52BDD30C800B148D7 /* LaunchScreen.storyboard in Resources */ = {isa = PBXBuildFile; fileRef = 93AABBB32BDD30C800B148D7 /* LaunchScreen.storyboard */; };
/* End PBXBuildFile section */

/* Begin PBXFileReference section */
		06867D9FD00916BE8C738B97 /* Pods_FirstWorkJob.framework */ = {isa = PBXFileReference; explicitFileType = wrapper.framework; includeInIndex = 0; path = Pods_FirstWorkJob.framework; sourceTree = BUILT_PRODUCTS_DIR; };
		89854EE0E19C5661BEF7CB96 /* Pods-FirstWorkJob.debug.xcconfig */ = {isa = PBXFileReference; includeInIndex = 1; lastKnownFileType = text.xcconfig; name = "Pods-FirstWorkJob.debug.xcconfig"; path = "Target Support Files/Pods-FirstWorkJob/Pods-FirstWorkJob.debug.xcconfig"; sourceTree = "<group>"; };
		8E4A15B9FEE5FE158FDA48D3 /* Pods-FirstWorkJob.release.xcconfig */ = {isa = PBXFileReference; includeInIndex = 1; lastKnownFileType = text.xcconfig; name = "Pods-FirstWorkJob.release.xcconfig"; path = "Target Support Files/Pods-FirstWorkJob/Pods-FirstWorkJob.release.xcconfig"; sourceTree = "<group>"; };
		9376D5602BDDD89A00C5D695 /* NumberCell.swift */ = {isa = PBXFileReference; fileEncoding = 4; lastKnownFileType = sourcecode.swift; path = NumberCell.swift; sourceTree = "<group>"; };
		93AABBA52BDD30C700B148D7 /* FirstWorkJob.app */ = {isa = PBXFileReference; explicitFileType = wrapper.application; includeInIndex = 0; path = FirstWorkJob.app; sourceTree = BUILT_PRODUCTS_DIR; };
		93AABBA82BDD30C700B148D7 /* AppDelegate.swift */ = {isa = PBXFileReference; lastKnownFileType = sourcecode.swift; path = AppDelegate.swift; sourceTree = "<group>"; };
		93AABBAA2BDD30C700B148D7 /* SceneDelegate.swift */ = {isa = PBXFileReference; lastKnownFileType = sourcecode.swift; path = SceneDelegate.swift; sourceTree = "<group>"; };
		93AABBAC2BDD30C700B148D7 /* ViewController.swift */ = {isa = PBXFileReference; lastKnownFileType = sourcecode.swift; path = ViewController.swift; sourceTree = "<group>"; };
		93AABBAF2BDD30C700B148D7 /* Base */ = {isa = PBXFileReference; lastKnownFileType = file.storyboard; name = Base; path = Base.lproj/Main.storyboard; sourceTree = "<group>"; };
		93AABBB12BDD30C800B148D7 /* Assets.xcassets */ = {isa = PBXFileReference; lastKnownFileType = folder.assetcatalog; path = Assets.xcassets; sourceTree = "<group>"; };
		93AABBB42BDD30C800B148D7 /* Base */ = {isa = PBXFileReference; lastKnownFileType = file.storyboard; name = Base; path = Base.lproj/LaunchScreen.storyboard; sourceTree = "<group>"; };
		93AABBB62BDD30C800B148D7 /* Info.plist */ = {isa = PBXFileReference; lastKnownFileType = text.plist.xml; path = Info.plist; sourceTree = "<group>"; };
/* End PBXFileReference section */

/* Begin PBXFrameworksBuildPhase section */
		93AABBA22BDD30C700B148D7 /* Frameworks */ = {
			isa = PBXFrameworksBuildPhase;
			buildActionMask = 2147483647;
			files = (
				161835C0288E062051793765 /* Pods_FirstWorkJob.framework in Frameworks */,
			);
			runOnlyForDeploymentPostprocessing = 0;
		};
/* End PBXFrameworksBuildPhase section */

/* Begin PBXGroup section */
		64BFA20B4790840F5D417EFF /* Frameworks */ = {
			isa = PBXGroup;
			children = (
				06867D9FD00916BE8C738B97 /* Pods_FirstWorkJob.framework */,
			);
			name = Frameworks;
			sourceTree = "<group>";
		};
		93AABB9C2BDD30C700B148D7 = {
			isa = PBXGroup;
			children = (
				93AABBA72BDD30C700B148D7 /* FirstWorkJob */,
				93AABBA62BDD30C700B148D7 /* Products */,
				DCC420378BC9FF483C98EC36 /* Pods */,
				64BFA20B4790840F5D417EFF /* Frameworks */,
			);
			sourceTree = "<group>";
		};
		93AABBA62BDD30C700B148D7 /* Products */ = {
			isa = PBXGroup;
			children = (
				93AABBA52BDD30C700B148D7 /* FirstWorkJob.app */,
			);
			name = Products;
			sourceTree = "<group>";
		};
		93AABBA72BDD30C700B148D7 /* FirstWorkJob */ = {
			isa = PBXGroup;
			children = (
				93AABBA82BDD30C700B148D7 /* AppDelegate.swift */,
				93AABBAA2BDD30C700B148D7 /* SceneDelegate.swift */,
				93AABBAC2BDD30C700B148D7 /* ViewController.swift */,
				93AABBAE2BDD30C700B148D7 /* Main.storyboard */,
				9376D5602BDDD89A00C5D695 /* NumberCell.swift */,
				93AABBB12BDD30C800B148D7 /* Assets.xcassets */,
				93AABBB32BDD30C800B148D7 /* LaunchScreen.storyboard */,
				93AABBB62BDD30C800B148D7 /* Info.plist */,
			);
			path = FirstWorkJob;
			sourceTree = "<group>";
		};
		DCC420378BC9FF483C98EC36 /* Pods */ = {
			isa = PBXGroup;
			children = (
				89854EE0E19C5661BEF7CB96 /* Pods-FirstWorkJob.debug.xcconfig */,
				8E4A15B9FEE5FE158FDA48D3 /* Pods-FirstWorkJob.release.xcconfig */,
			);
			path = Pods;
			sourceTree = "<group>";
		};
/* End PBXGroup section */

/* Begin PBXNativeTarget section */
		93AABBA42BDD30C700B148D7 /* FirstWorkJob */ = {
			isa = PBXNativeTarget;
			buildConfigurationList = 93AABBB92BDD30C800B148D7 /* Build configuration list for PBXNativeTarget "FirstWorkJob" */;
			buildPhases = (
				F2B2E478C9A551504F867790 /* [CP] Check Pods Manifest.lock */,
				93AABBA12BDD30C700B148D7 /* Sources */,
				93AABBA22BDD30C700B148D7 /* Frameworks */,
				93AABBA32BDD30C700B148D7 /* Resources */,
			);
			buildRules = (
			);
			dependencies = (
			);
			name = FirstWorkJob;
			productName = FirstWorkJob;
			productReference = 93AABBA52BDD30C700B148D7 /* FirstWorkJob.app */;
			productType = "com.apple.product-type.application";
		};
/* End PBXNativeTarget section */

/* Begin PBXProject section */
		93AABB9D2BDD30C700B148D7 /* Project object */ = {
			isa = PBXProject;
			attributes = {
				BuildIndependentTargetsInParallel = 1;
				LastSwiftUpdateCheck = 1500;
				LastUpgradeCheck = 1500;
				TargetAttributes = {
					93AABBA42BDD30C700B148D7 = {
						CreatedOnToolsVersion = 15.0.1;
					};
				};
			};
			buildConfigurationList = 93AABBA02BDD30C700B148D7 /* Build configuration list for PBXProject "FirstWorkJob" */;
			compatibilityVersion = "Xcode 14.0";
			developmentRegion = en;
			hasScannedForEncodings = 0;
			knownRegions = (
				en,
				Base,
			);
			mainGroup = 93AABB9C2BDD30C700B148D7;
			productRefGroup = 93AABBA62BDD30C700B148D7 /* Products */;
			projectDirPath = "";
			projectRoot = "";
			targets = (
				93AABBA42BDD30C700B148D7 /* FirstWorkJob */,
			);
		};
/* End PBXProject section */

/* Begin PBXResourcesBuildPhase section */
		93AABBA32BDD30C700B148D7 /* Resources */ = {
			isa = PBXResourcesBuildPhase;
			buildActionMask = 2147483647;
			files = (
				93AABBB52BDD30C800B148D7 /* LaunchScreen.storyboard in Resources */,
				93AABBB22BDD30C800B148D7 /* Assets.xcassets in Resources */,
				93AABBB02BDD30C700B148D7 /* Main.storyboard in Resources */,
			);
			runOnlyForDeploymentPostprocessing = 0;
		};
/* End PBXResourcesBuildPhase section */

/* Begin PBXShellScriptBuildPhase section */
		F2B2E478C9A551504F867790 /* [CP] Check Pods Manifest.lock */ = {
			isa = PBXShellScriptBuildPhase;
			buildActionMask = 2147483647;
			files = (
			);
			inputFileListPaths = (
			);
			inputPaths = (
				"${PODS_PODFILE_DIR_PATH}/Podfile.lock",
				"${PODS_ROOT}/Manifest.lock",
			);
			name = "[CP] Check Pods Manifest.lock";
			outputFileListPaths = (
			);
			outputPaths = (
				"$(DERIVED_FILE_DIR)/Pods-FirstWorkJob-checkManifestLockResult.txt",
			);
			runOnlyForDeploymentPostprocessing = 0;
			shellPath = /bin/sh;
			shellScript = "diff \"${PODS_PODFILE_DIR_PATH}/Podfile.lock\" \"${PODS_ROOT}/Manifest.lock\" > /dev/null\nif [ $? != 0 ] ; then\n    # print error to STDERR\n    echo \"error: The sandbox is not in sync with the Podfile.lock. Run 'pod install' or update your CocoaPods installation.\" >&2\n    exit 1\nfi\n# This output is used by Xcode 'outputs' to avoid re-running this script phase.\necho \"SUCCESS\" > \"${SCRIPT_OUTPUT_FILE_0}\"\n";
			showEnvVarsInLog = 0;
		};
/* End PBXShellScriptBuildPhase section */

/* Begin PBXSourcesBuildPhase section */
		93AABBA12BDD30C700B148D7 /* Sources */ = {
			isa = PBXSourcesBuildPhase;
			buildActionMask = 2147483647;
			files = (
				9376D5612BDDD89A00C5D695 /* NumberCell.swift in Sources */,
				93AABBAD2BDD30C700B148D7 /* ViewController.swift in Sources */,
				93AABBA92BDD30C700B148D7 /* AppDelegate.swift in Sources */,
				93AABBAB2BDD30C700B148D7 /* SceneDelegate.swift in Sources */,
			);
			runOnlyForDeploymentPostprocessing = 0;
		};
/* End PBXSourcesBuildPhase section */

/* Begin PBXVariantGroup section */
		93AABBAE2BDD30C700B148D7 /* Main.storyboard */ = {
			isa = PBXVariantGroup;
			children = (
				93AABBAF2BDD30C700B148D7 /* Base */,
			);
			name = Main.storyboard;
			sourceTree = "<group>";
		};
		93AABBB32BDD30C800B148D7 /* LaunchScreen.storyboard */ = {
			isa = PBXVariantGroup;
			children = (
				93AABBB42BDD30C800B148D7 /* Base */,
			);
			name = LaunchScreen.storyboard;
			sourceTree = "<group>";
		};
/* End PBXVariantGroup section */

/* Begin XCBuildConfiguration section */
		93AABBB72BDD30C800B148D7 /* Debug */ = {
			isa = XCBuildConfiguration;
			buildSettings = {
				ALWAYS_SEARCH_USER_PATHS = NO;
				ASSETCATALOG_COMPILER_GENERATE_SWIFT_ASSET_SYMBOL_EXTENSIONS = YES;
				CLANG_ANALYZER_NONNULL = YES;
				CLANG_ANALYZER_NUMBER_OBJECT_CONVERSION = YES_AGGRESSIVE;
				CLANG_CXX_LANGUAGE_STANDARD = "gnu++20";
				CLANG_ENABLE_MODULES = YES;
				CLANG_ENABLE_OBJC_ARC = YES;
				CLANG_ENABLE_OBJC_WEAK = YES;
				CLANG_WARN_BLOCK_CAPTURE_AUTORELEASING = YES;
				CLANG_WARN_BOOL_CONVERSION = YES;
				CLANG_WARN_COMMA = YES;
				CLANG_WARN_CONSTANT_CONVERSION = YES;
				CLANG_WARN_DEPRECATED_OBJC_IMPLEMENTATIONS = YES;
				CLANG_WARN_DIRECT_OBJC_ISA_USAGE = YES_ERROR;
				CLANG_WARN_DOCUMENTATION_COMMENTS = YES;
				CLANG_WARN_EMPTY_BODY = YES;
				CLANG_WARN_ENUM_CONVERSION = YES;
				CLANG_WARN_INFINITE_RECURSION = YES;
				CLANG_WARN_INT_CONVERSION = YES;
				CLANG_WARN_NON_LITERAL_NULL_CONVERSION = YES;
				CLANG_WARN_OBJC_IMPLICIT_RETAIN_SELF = YES;
				CLANG_WARN_OBJC_LITERAL_CONVERSION = YES;
				CLANG_WARN_OBJC_ROOT_CLASS = YES_ERROR;
				CLANG_WARN_QUOTED_INCLUDE_IN_FRAMEWORK_HEADER = YES;
				CLANG_WARN_RANGE_LOOP_ANALYSIS = YES;
				CLANG_WARN_STRICT_PROTOTYPES = YES;
				CLANG_WARN_SUSPICIOUS_MOVE = YES;
				CLANG_WARN_UNGUARDED_AVAILABILITY = YES_AGGRESSIVE;
				CLANG_WARN_UNREACHABLE_CODE = YES;
				CLANG_WARN__DUPLICATE_METHOD_MATCH = YES;
				COPY_PHASE_STRIP = NO;
				DEBUG_INFORMATION_FORMAT = dwarf;
				ENABLE_STRICT_OBJC_MSGSEND = YES;
				ENABLE_TESTABILITY = YES;
				ENABLE_USER_SCRIPT_SANDBOXING = YES;
				GCC_C_LANGUAGE_STANDARD = gnu17;
				GCC_DYNAMIC_NO_PIC = NO;
				GCC_NO_COMMON_BLOCKS = YES;
				GCC_OPTIMIZATION_LEVEL = 0;
				GCC_PREPROCESSOR_DEFINITIONS = (
					"DEBUG=1",
					"$(inherited)",
				);
				GCC_WARN_64_TO_32_BIT_CONVERSION = YES;
				GCC_WARN_ABOUT_RETURN_TYPE = YES_ERROR;
				GCC_WARN_UNDECLARED_SELECTOR = YES;
				GCC_WARN_UNINITIALIZED_AUTOS = YES_AGGRESSIVE;
				GCC_WARN_UNUSED_FUNCTION = YES;
				GCC_WARN_UNUSED_VARIABLE = YES;
				IPHONEOS_DEPLOYMENT_TARGET = 13.0;
				LOCALIZATION_PREFERS_STRING_CATALOGS = YES;
				MTL_ENABLE_DEBUG_INFO = INCLUDE_SOURCE;
				MTL_FAST_MATH = YES;
				ONLY_ACTIVE_ARCH = YES;
				SDKROOT = iphoneos;
				SWIFT_ACTIVE_COMPILATION_CONDITIONS = "DEBUG $(inherited)";
				SWIFT_OPTIMIZATION_LEVEL = "-Onone";
			};
			name = Debug;
		};
		93AABBB82BDD30C800B148D7 /* Release */ = {
			isa = XCBuildConfiguration;
			buildSettings = {
				ALWAYS_SEARCH_USER_PATHS = NO;
				ASSETCATALOG_COMPILER_GENERATE_SWIFT_ASSET_SYMBOL_EXTENSIONS = YES;
				CLANG_ANALYZER_NONNULL = YES;
				CLANG_ANALYZER_NUMBER_OBJECT_CONVERSION = YES_AGGRESSIVE;
				CLANG_CXX_LANGUAGE_STANDARD = "gnu++20";
				CLANG_ENABLE_MODULES = YES;
				CLANG_ENABLE_OBJC_ARC = YES;
				CLANG_ENABLE_OBJC_WEAK = YES;
				CLANG_WARN_BLOCK_CAPTURE_AUTORELEASING = YES;
				CLANG_WARN_BOOL_CONVERSION = YES;
				CLANG_WARN_COMMA = YES;
				CLANG_WARN_CONSTANT_CONVERSION = YES;
				CLANG_WARN_DEPRECATED_OBJC_IMPLEMENTATIONS = YES;
				CLANG_WARN_DIRECT_OBJC_ISA_USAGE = YES_ERROR;
				CLANG_WARN_DOCUMENTATION_COMMENTS = YES;
				CLANG_WARN_EMPTY_BODY = YES;
				CLANG_WARN_ENUM_CONVERSION = YES;
				CLANG_WARN_INFINITE_RECURSION = YES;
				CLANG_WARN_INT_CONVERSION = YES;
				CLANG_WARN_NON_LITERAL_NULL_CONVERSION = YES;
				CLANG_WARN_OBJC_IMPLICIT_RETAIN_SELF = YES;
				CLANG_WARN_OBJC_LITERAL_CONVERSION = YES;
				CLANG_WARN_OBJC_ROOT_CLASS = YES_ERROR;
				CLANG_WARN_QUOTED_INCLUDE_IN_FRAMEWORK_HEADER = YES;
				CLANG_WARN_RANGE_LOOP_ANALYSIS = YES;
				CLANG_WARN_STRICT_PROTOTYPES = YES;
				CLANG_WARN_SUSPICIOUS_MOVE = YES;
				CLANG_WARN_UNGUARDED_AVAILABILITY = YES_AGGRESSIVE;
				CLANG_WARN_UNREACHABLE_CODE = YES;
				CLANG_WARN__DUPLICATE_METHOD_MATCH = YES;
				COPY_PHASE_STRIP = NO;
				DEBUG_INFORMATION_FORMAT = "dwarf-with-dsym";
				ENABLE_NS_ASSERTIONS = NO;
				ENABLE_STRICT_OBJC_MSGSEND = YES;
				ENABLE_USER_SCRIPT_SANDBOXING = YES;
				GCC_C_LANGUAGE_STANDARD = gnu17;
				GCC_NO_COMMON_BLOCKS = YES;
				GCC_WARN_64_TO_32_BIT_CONVERSION = YES;
				GCC_WARN_ABOUT_RETURN_TYPE = YES_ERROR;
				GCC_WARN_UNDECLARED_SELECTOR = YES;
				GCC_WARN_UNINITIALIZED_AUTOS = YES_AGGRESSIVE;
				GCC_WARN_UNUSED_FUNCTION = YES;
				GCC_WARN_UNUSED_VARIABLE = YES;
				IPHONEOS_DEPLOYMENT_TARGET = 13.0;
				LOCALIZATION_PREFERS_STRING_CATALOGS = YES;
				MTL_ENABLE_DEBUG_INFO = NO;
				MTL_FAST_MATH = YES;
				SDKROOT = iphoneos;
				SWIFT_COMPILATION_MODE = wholemodule;
				VALIDATE_PRODUCT = YES;
			};
			name = Release;
		};
		93AABBBA2BDD30C800B148D7 /* Debug */ = {
			isa = XCBuildConfiguration;
			baseConfigurationReference = 89854EE0E19C5661BEF7CB96 /* Pods-FirstWorkJob.debug.xcconfig */;
			buildSettings = {
				ASSETCATALOG_COMPILER_APPICON_NAME = AppIcon;
				ASSETCATALOG_COMPILER_GLOBAL_ACCENT_COLOR_NAME = AccentColor;
				CODE_SIGN_IDENTITY = "Apple Development";
				CODE_SIGN_STYLE = Automatic;
				CURRENT_PROJECT_VERSION = 1;
				DEVELOPMENT_TEAM = TARPWKMCQK;
				GENERATE_INFOPLIST_FILE = YES;
				INFOPLIST_FILE = FirstWorkJob/Info.plist;
				INFOPLIST_KEY_CFBundleDisplayName = FirstWorkJob;
				INFOPLIST_KEY_UIApplicationSupportsIndirectInputEvents = YES;
				INFOPLIST_KEY_UILaunchStoryboardName = LaunchScreen;
				INFOPLIST_KEY_UIMainStoryboardFile = Main;
				INFOPLIST_KEY_UISupportedInterfaceOrientations_iPad = "UIInterfaceOrientationPortrait UIInterfaceOrientationPortraitUpsideDown UIInterfaceOrientationLandscapeLeft UIInterfaceOrientationLandscapeRight";
				INFOPLIST_KEY_UISupportedInterfaceOrientations_iPhone = "UIInterfaceOrientationPortrait UIInterfaceOrientationLandscapeLeft UIInterfaceOrientationLandscapeRight";
				IPHONEOS_DEPLOYMENT_TARGET = 13.0;
				LD_RUNPATH_SEARCH_PATHS = (
					"$(inherited)",
					"@executable_path/Frameworks",
				);
				MARKETING_VERSION = 1.0;
				PRODUCT_BUNDLE_IDENTIFIER = com.wenyouLi.FirstWorkJob;
				PRODUCT_NAME = "$(TARGET_NAME)";
				PROVISIONING_PROFILE_SPECIFIER = "";
				SUPPORTED_PLATFORMS = "iphoneos iphonesimulator";
				SUPPORTS_MACCATALYST = NO;
				SUPPORTS_MAC_DESIGNED_FOR_IPHONE_IPAD = NO;
				SUPPORTS_XR_DESIGNED_FOR_IPHONE_IPAD = NO;
				SWIFT_EMIT_LOC_STRINGS = YES;
				SWIFT_VERSION = 5.0;
				TARGETED_DEVICE_FAMILY = 1;
			};
			name = Debug;
		};
		93AABBBB2BDD30C800B148D7 /* Release */ = {
			isa = XCBuildConfiguration;
			baseConfigurationReference = 8E4A15B9FEE5FE158FDA48D3 /* Pods-FirstWorkJob.release.xcconfig */;
			buildSettings = {
				ASSETCATALOG_COMPILER_APPICON_NAME = AppIcon;
				ASSETCATALOG_COMPILER_GLOBAL_ACCENT_COLOR_NAME = AccentColor;
				CODE_SIGN_IDENTITY = "Apple Development";
				CODE_SIGN_STYLE = Automatic;
				CURRENT_PROJECT_VERSION = 1;
				DEVELOPMENT_TEAM = TARPWKMCQK;
				GENERATE_INFOPLIST_FILE = YES;
				INFOPLIST_FILE = FirstWorkJob/Info.plist;
				INFOPLIST_KEY_CFBundleDisplayName = FirstWorkJob;
				INFOPLIST_KEY_UIApplicationSupportsIndirectInputEvents = YES;
				INFOPLIST_KEY_UILaunchStoryboardName = LaunchScreen;
				INFOPLIST_KEY_UIMainStoryboardFile = Main;
				INFOPLIST_KEY_UISupportedInterfaceOrientations_iPad = "UIInterfaceOrientationPortrait UIInterfaceOrientationPortraitUpsideDown UIInterfaceOrientationLandscapeLeft UIInterfaceOrientationLandscapeRight";
				INFOPLIST_KEY_UISupportedInterfaceOrientations_iPhone = "UIInterfaceOrientationPortrait UIInterfaceOrientationLandscapeLeft UIInterfaceOrientationLandscapeRight";
				IPHONEOS_DEPLOYMENT_TARGET = 13.0;
				LD_RUNPATH_SEARCH_PATHS = (
					"$(inherited)",
					"@executable_path/Frameworks",
				);
				MARKETING_VERSION = 1.0;
				PRODUCT_BUNDLE_IDENTIFIER = com.wenyouLi.FirstWorkJob;
				PRODUCT_NAME = "$(TARGET_NAME)";
				PROVISIONING_PROFILE_SPECIFIER = "";
				SUPPORTED_PLATFORMS = "iphoneos iphonesimulator";
				SUPPORTS_MACCATALYST = NO;
				SUPPORTS_MAC_DESIGNED_FOR_IPHONE_IPAD = NO;
				SUPPORTS_XR_DESIGNED_FOR_IPHONE_IPAD = NO;
				SWIFT_EMIT_LOC_STRINGS = YES;
				SWIFT_VERSION = 5.0;
				TARGETED_DEVICE_FAMILY = 1;
			};
			name = Release;
		};
/* End XCBuildConfiguration section */

/* Begin XCConfigurationList section */
		93AABBA02BDD30C700B148D7 /* Build configuration list for PBXProject "FirstWorkJob" */ = {
			isa = XCConfigurationList;
			buildConfigurations = (
				93AABBB72BDD30C800B148D7 /* Debug */,
				93AABBB82BDD30C800B148D7 /* Release */,
			);
			defaultConfigurationIsVisible = 0;
			defaultConfigurationName = Release;
		};
		93AABBB92BDD30C800B148D7 /* Build configuration list for PBXNativeTarget "FirstWorkJob" */ = {
			isa = XCConfigurationList;
			buildConfigurations = (
				93AABBBA2BDD30C800B148D7 /* Debug */,
				93AABBBB2BDD30C800B148D7 /* Release */,
			);
			defaultConfigurationIsVisible = 0;
			defaultConfigurationName = Release;
		};
/* End XCConfigurationList section */
	};
	rootObject = 93AABB9D2BDD30C700B148D7 /* Project object */;
}
